// !$*UTF8*$!
{
	archiveVersion = 1;
	classes = {
	};
	objectVersion = 46;
	objects = {

/* Begin PBXBuildFile section */
		DD194C831C0B2DA600D1FD9E /* QuickTest.swift in Sources */ = {isa = PBXBuildFile; fileRef = DD194C821C0B2DA600D1FD9E /* QuickTest.swift */; };
		DD43355E1C09F95C00032E1E /* AppDelegate.swift in Sources */ = {isa = PBXBuildFile; fileRef = DD43355D1C09F95C00032E1E /* AppDelegate.swift */; };
		DD4335601C09F95C00032E1E /* ViewController.swift in Sources */ = {isa = PBXBuildFile; fileRef = DD43355F1C09F95C00032E1E /* ViewController.swift */; };
		DD4335631C09F95C00032E1E /* Main.storyboard in Resources */ = {isa = PBXBuildFile; fileRef = DD4335611C09F95C00032E1E /* Main.storyboard */; };
		DD4335661C09F95C00032E1E /* SimpleTimeSheet.xcdatamodeld in Sources */ = {isa = PBXBuildFile; fileRef = DD4335641C09F95C00032E1E /* SimpleTimeSheet.xcdatamodeld */; };
		DD4335681C09F95C00032E1E /* Assets.xcassets in Resources */ = {isa = PBXBuildFile; fileRef = DD4335671C09F95C00032E1E /* Assets.xcassets */; };
		DD43356B1C09F95C00032E1E /* LaunchScreen.storyboard in Resources */ = {isa = PBXBuildFile; fileRef = DD4335691C09F95C00032E1E /* LaunchScreen.storyboard */; };
		DD4335761C09F95C00032E1E /* SimpleTimeSheetTests.swift in Sources */ = {isa = PBXBuildFile; fileRef = DD4335751C09F95C00032E1E /* SimpleTimeSheetTests.swift */; };
		DD4335811C09F95C00032E1E /* SimpleTimeSheetUITests.swift in Sources */ = {isa = PBXBuildFile; fileRef = DD4335801C09F95C00032E1E /* SimpleTimeSheetUITests.swift */; };
		DD5F7A451C10C7510088BF7F /* Swinject.framework in CopyFiles */ = {isa = PBXBuildFile; fileRef = DD5F798B1C10BEA80088BF7F /* Swinject.framework */; settings = {ATTRIBUTES = (CodeSignOnCopy, RemoveHeadersOnCopy, ); }; };
		DD5F7A4C1C10CA3F0088BF7F /* Swinject.framework in Embed Frameworks */ = {isa = PBXBuildFile; fileRef = DD5F798B1C10BEA80088BF7F /* Swinject.framework */; settings = {ATTRIBUTES = (CodeSignOnCopy, RemoveHeadersOnCopy, ); }; };
		DD5F7A4E1C10CC9C0088BF7F /* ReactiveCocoa.framework in Embed Frameworks */ = {isa = PBXBuildFile; fileRef = DD5F79F31C10BF210088BF7F /* ReactiveCocoa.framework */; settings = {ATTRIBUTES = (CodeSignOnCopy, RemoveHeadersOnCopy, ); }; };
		DD5F7A4F1C10CCBC0088BF7F /* Result.framework in Embed Frameworks */ = {isa = PBXBuildFile; fileRef = DD5F7A0A1C10BF2F0088BF7F /* Result.framework */; settings = {ATTRIBUTES = (CodeSignOnCopy, RemoveHeadersOnCopy, ); }; };
/* End PBXBuildFile section */

/* Begin PBXContainerItemProxy section */
		DD4335721C09F95C00032E1E /* PBXContainerItemProxy */ = {
			isa = PBXContainerItemProxy;
			containerPortal = DD4335521C09F95C00032E1E /* Project object */;
			proxyType = 1;
			remoteGlobalIDString = DD4335591C09F95C00032E1E;
			remoteInfo = SimpleTimeSheet;
		};
		DD43357D1C09F95C00032E1E /* PBXContainerItemProxy */ = {
			isa = PBXContainerItemProxy;
			containerPortal = DD4335521C09F95C00032E1E /* Project object */;
			proxyType = 1;
			remoteGlobalIDString = DD4335591C09F95C00032E1E;
			remoteInfo = SimpleTimeSheet;
		};
		DD5F798A1C10BEA80088BF7F /* PBXContainerItemProxy */ = {
			isa = PBXContainerItemProxy;
			containerPortal = DD5F79801C10BEA80088BF7F /* Swinject.xcodeproj */;
			proxyType = 2;
			remoteGlobalIDString = 981ABE811B5FC9DF00294975;
			remoteInfo = "Swinject-iOS";
		};
		DD5F798C1C10BEA80088BF7F /* PBXContainerItemProxy */ = {
			isa = PBXContainerItemProxy;
			containerPortal = DD5F79801C10BEA80088BF7F /* Swinject.xcodeproj */;
			proxyType = 2;
			remoteGlobalIDString = 981ABE8B1B5FC9DF00294975;
			remoteInfo = "Swinject-iOSTests";
		};
		DD5F798E1C10BEA80088BF7F /* PBXContainerItemProxy */ = {
			isa = PBXContainerItemProxy;
			containerPortal = DD5F79801C10BEA80088BF7F /* Swinject.xcodeproj */;
			proxyType = 2;
			remoteGlobalIDString = 981899BC1B5FE63F00C702D0;
			remoteInfo = "Swinject-OSX";
		};
		DD5F79901C10BEA80088BF7F /* PBXContainerItemProxy */ = {
			isa = PBXContainerItemProxy;
			containerPortal = DD5F79801C10BEA80088BF7F /* Swinject.xcodeproj */;
			proxyType = 2;
			remoteGlobalIDString = 981899C51B5FE63F00C702D0;
			remoteInfo = "Swinject-OSXTests";
		};
		DD5F79921C10BEA80088BF7F /* PBXContainerItemProxy */ = {
			isa = PBXContainerItemProxy;
			containerPortal = DD5F79801C10BEA80088BF7F /* Swinject.xcodeproj */;
			proxyType = 2;
			remoteGlobalIDString = 985010C61BBE76D400A2CCFC;
			remoteInfo = "Swinject-watchOS";
		};
		DD5F79941C10BEA80088BF7F /* PBXContainerItemProxy */ = {
			isa = PBXContainerItemProxy;
			containerPortal = DD5F79801C10BEA80088BF7F /* Swinject.xcodeproj */;
			proxyType = 2;
			remoteGlobalIDString = 98689C7F1BBFC7A50005C6D3;
			remoteInfo = "Swinject-tvOS";
		};
		DD5F79961C10BEA80088BF7F /* PBXContainerItemProxy */ = {
			isa = PBXContainerItemProxy;
			containerPortal = DD5F79801C10BEA80088BF7F /* Swinject.xcodeproj */;
			proxyType = 2;
			remoteGlobalIDString = 98689C881BBFC7A60005C6D3;
			remoteInfo = "Swinject-tvOSTests";
		};
		DD5F79C21C10BEDB0088BF7F /* PBXContainerItemProxy */ = {
			isa = PBXContainerItemProxy;
			containerPortal = DD5F79B61C10BEDB0088BF7F /* Quick.xcodeproj */;
			proxyType = 2;
			remoteGlobalIDString = DAEB6B8E1943873100289F44;
			remoteInfo = "Quick-OSX";
		};
		DD5F79C41C10BEDB0088BF7F /* PBXContainerItemProxy */ = {
			isa = PBXContainerItemProxy;
			containerPortal = DD5F79B61C10BEDB0088BF7F /* Quick.xcodeproj */;
			proxyType = 2;
			remoteGlobalIDString = DAEB6B991943873100289F44;
			remoteInfo = "Quick-OSXTests";
		};
		DD5F79C61C10BEDB0088BF7F /* PBXContainerItemProxy */ = {
			isa = PBXContainerItemProxy;
			containerPortal = DD5F79B61C10BEDB0088BF7F /* Quick.xcodeproj */;
			proxyType = 2;
			remoteGlobalIDString = DA5663E81A4C8D8500193C88;
			remoteInfo = "QuickFocused-OSXTests";
		};
		DD5F79C81C10BEDB0088BF7F /* PBXContainerItemProxy */ = {
			isa = PBXContainerItemProxy;
			containerPortal = DD5F79B61C10BEDB0088BF7F /* Quick.xcodeproj */;
			proxyType = 2;
			remoteGlobalIDString = 5A5D117C19473F2100F6D13D;
			remoteInfo = "Quick-iOS";
		};
		DD5F79CA1C10BEDB0088BF7F /* PBXContainerItemProxy */ = {
			isa = PBXContainerItemProxy;
			containerPortal = DD5F79B61C10BEDB0088BF7F /* Quick.xcodeproj */;
			proxyType = 2;
			remoteGlobalIDString = 5A5D118619473F2100F6D13D;
			remoteInfo = "Quick-iOSTests";
		};
		DD5F79CC1C10BEDB0088BF7F /* PBXContainerItemProxy */ = {
			isa = PBXContainerItemProxy;
			containerPortal = DD5F79B61C10BEDB0088BF7F /* Quick.xcodeproj */;
			proxyType = 2;
			remoteGlobalIDString = DA9876B21A4C70EB0004AA17;
			remoteInfo = "QuickFocused-iOSTests";
		};
		DD5F79CE1C10BEDB0088BF7F /* PBXContainerItemProxy */ = {
			isa = PBXContainerItemProxy;
			containerPortal = DD5F79B61C10BEDB0088BF7F /* Quick.xcodeproj */;
			proxyType = 2;
			remoteGlobalIDString = 1F118CD51BDCA4AB005013A2;
			remoteInfo = "Quick-tvOS";
		};
		DD5F79D01C10BEDB0088BF7F /* PBXContainerItemProxy */ = {
			isa = PBXContainerItemProxy;
			containerPortal = DD5F79B61C10BEDB0088BF7F /* Quick.xcodeproj */;
			proxyType = 2;
			remoteGlobalIDString = 1F118CDE1BDCA4AB005013A2;
			remoteInfo = "Quick-tvOSTests";
		};
		DD5F79D21C10BEDB0088BF7F /* PBXContainerItemProxy */ = {
			isa = PBXContainerItemProxy;
			containerPortal = DD5F79B61C10BEDB0088BF7F /* Quick.xcodeproj */;
			proxyType = 2;
			remoteGlobalIDString = 1F118CF01BDCA4BB005013A2;
			remoteInfo = "QuickFocused-tvOSTests";
		};
		DD5F79DD1C10BF060088BF7F /* PBXContainerItemProxy */ = {
			isa = PBXContainerItemProxy;
			containerPortal = DD5F79D41C10BF060088BF7F /* Nimble.xcodeproj */;
			proxyType = 2;
			remoteGlobalIDString = 1F1A74291940169200FFFC47;
			remoteInfo = "Nimble-iOS";
		};
		DD5F79DF1C10BF060088BF7F /* PBXContainerItemProxy */ = {
			isa = PBXContainerItemProxy;
			containerPortal = DD5F79D41C10BF060088BF7F /* Nimble.xcodeproj */;
			proxyType = 2;
			remoteGlobalIDString = 1F1A74341940169200FFFC47;
			remoteInfo = "Nimble-iOSTests";
		};
		DD5F79E11C10BF060088BF7F /* PBXContainerItemProxy */ = {
			isa = PBXContainerItemProxy;
			containerPortal = DD5F79D41C10BF060088BF7F /* Nimble.xcodeproj */;
			proxyType = 2;
			remoteGlobalIDString = 1F925EAD195C0D6300ED456B;
			remoteInfo = "Nimble-OSX";
		};
		DD5F79E31C10BF060088BF7F /* PBXContainerItemProxy */ = {
			isa = PBXContainerItemProxy;
			containerPortal = DD5F79D41C10BF060088BF7F /* Nimble.xcodeproj */;
			proxyType = 2;
			remoteGlobalIDString = 1F925EB7195C0D6300ED456B;
			remoteInfo = "Nimble-OSXTests";
		};
		DD5F79E51C10BF060088BF7F /* PBXContainerItemProxy */ = {
			isa = PBXContainerItemProxy;
			containerPortal = DD5F79D41C10BF060088BF7F /* Nimble.xcodeproj */;
			proxyType = 2;
			remoteGlobalIDString = 1F5DF1551BDCA0CE00C3A531;
			remoteInfo = "Nimble-tvOS";
		};
		DD5F79E71C10BF060088BF7F /* PBXContainerItemProxy */ = {
			isa = PBXContainerItemProxy;
			containerPortal = DD5F79D41C10BF060088BF7F /* Nimble.xcodeproj */;
			proxyType = 2;
			remoteGlobalIDString = 1F5DF15E1BDCA0CE00C3A531;
			remoteInfo = "Nimble-tvOSTests";
		};
		DD5F79F21C10BF210088BF7F /* PBXContainerItemProxy */ = {
			isa = PBXContainerItemProxy;
			containerPortal = DD5F79E91C10BF210088BF7F /* ReactiveCocoa.xcodeproj */;
			proxyType = 2;
			remoteGlobalIDString = D04725EA19E49ED7006002AA;
			remoteInfo = "ReactiveCocoa-Mac";
		};
		DD5F79F41C10BF210088BF7F /* PBXContainerItemProxy */ = {
			isa = PBXContainerItemProxy;
			containerPortal = DD5F79E91C10BF210088BF7F /* ReactiveCocoa.xcodeproj */;
			proxyType = 2;
			remoteGlobalIDString = D04725F519E49ED7006002AA;
			remoteInfo = "ReactiveCocoa-MacTests";
		};
		DD5F79F61C10BF210088BF7F /* PBXContainerItemProxy */ = {
			isa = PBXContainerItemProxy;
			containerPortal = DD5F79E91C10BF210088BF7F /* ReactiveCocoa.xcodeproj */;
			proxyType = 2;
			remoteGlobalIDString = D047260C19E49F82006002AA;
			remoteInfo = "ReactiveCocoa-iOS";
		};
		DD5F79F81C10BF210088BF7F /* PBXContainerItemProxy */ = {
			isa = PBXContainerItemProxy;
			containerPortal = DD5F79E91C10BF210088BF7F /* ReactiveCocoa.xcodeproj */;
			proxyType = 2;
			remoteGlobalIDString = D047261619E49F82006002AA;
			remoteInfo = "ReactiveCocoa-iOSTests";
		};
		DD5F79FA1C10BF210088BF7F /* PBXContainerItemProxy */ = {
			isa = PBXContainerItemProxy;
			containerPortal = DD5F79E91C10BF210088BF7F /* ReactiveCocoa.xcodeproj */;
			proxyType = 2;
			remoteGlobalIDString = A9B315541B3940610001CB9C;
			remoteInfo = "ReactiveCocoa-watchOS";
		};
		DD5F79FC1C10BF210088BF7F /* PBXContainerItemProxy */ = {
			isa = PBXContainerItemProxy;
			containerPortal = DD5F79E91C10BF210088BF7F /* ReactiveCocoa.xcodeproj */;
			proxyType = 2;
			remoteGlobalIDString = 57A4D2411BA13D7A00F7D4B1;
			remoteInfo = "ReactiveCocoa-tvOS";
		};
		DD5F7A091C10BF2F0088BF7F /* PBXContainerItemProxy */ = {
			isa = PBXContainerItemProxy;
			containerPortal = DD5F79FE1C10BF2F0088BF7F /* Result.xcodeproj */;
			proxyType = 2;
			remoteGlobalIDString = D45480571A9572F5009D7229;
			remoteInfo = "Result-Mac";
		};
		DD5F7A0B1C10BF2F0088BF7F /* PBXContainerItemProxy */ = {
			isa = PBXContainerItemProxy;
			containerPortal = DD5F79FE1C10BF2F0088BF7F /* Result.xcodeproj */;
			proxyType = 2;
			remoteGlobalIDString = D45480671A9572F5009D7229;
			remoteInfo = "Result-MacTests";
		};
		DD5F7A0D1C10BF2F0088BF7F /* PBXContainerItemProxy */ = {
			isa = PBXContainerItemProxy;
			containerPortal = DD5F79FE1C10BF2F0088BF7F /* Result.xcodeproj */;
			proxyType = 2;
			remoteGlobalIDString = D454807D1A957361009D7229;
			remoteInfo = "Result-iOS";
		};
		DD5F7A0F1C10BF2F0088BF7F /* PBXContainerItemProxy */ = {
			isa = PBXContainerItemProxy;
			containerPortal = DD5F79FE1C10BF2F0088BF7F /* Result.xcodeproj */;
			proxyType = 2;
			remoteGlobalIDString = D45480871A957362009D7229;
			remoteInfo = "Result-iOSTests";
		};
		DD5F7A111C10BF2F0088BF7F /* PBXContainerItemProxy */ = {
			isa = PBXContainerItemProxy;
			containerPortal = DD5F79FE1C10BF2F0088BF7F /* Result.xcodeproj */;
			proxyType = 2;
			remoteGlobalIDString = 57FCDE471BA280DC00130C48;
			remoteInfo = "Result-tvOS";
		};
		DD5F7A131C10BF2F0088BF7F /* PBXContainerItemProxy */ = {
			isa = PBXContainerItemProxy;
			containerPortal = DD5F79FE1C10BF2F0088BF7F /* Result.xcodeproj */;
			proxyType = 2;
			remoteGlobalIDString = 57FCDE541BA280E000130C48;
			remoteInfo = "Result-tvOSTests";
		};
		DD5F7A151C10BF2F0088BF7F /* PBXContainerItemProxy */ = {
			isa = PBXContainerItemProxy;
			containerPortal = DD5F79FE1C10BF2F0088BF7F /* Result.xcodeproj */;
			proxyType = 2;
			remoteGlobalIDString = D03579A31B2B788F005D26AE;
			remoteInfo = "Result-watchOS";
		};
		DD5F7A171C10BF2F0088BF7F /* PBXContainerItemProxy */ = {
			isa = PBXContainerItemProxy;
			containerPortal = DD5F79FE1C10BF2F0088BF7F /* Result.xcodeproj */;
			proxyType = 2;
			remoteGlobalIDString = D03579B01B2B78A1005D26AE;
			remoteInfo = "Result-watchOSTests";
		};
		DD5F7A191C10BF780088BF7F /* PBXContainerItemProxy */ = {
			isa = PBXContainerItemProxy;
			containerPortal = DD5F79FE1C10BF2F0088BF7F /* Result.xcodeproj */;
			proxyType = 1;
			remoteGlobalIDString = D454807C1A957361009D7229;
			remoteInfo = "Result-iOS";
		};
		DD5F7A1B1C10BF780088BF7F /* PBXContainerItemProxy */ = {
			isa = PBXContainerItemProxy;
			containerPortal = DD5F79E91C10BF210088BF7F /* ReactiveCocoa.xcodeproj */;
			proxyType = 1;
			remoteGlobalIDString = D047260B19E49F82006002AA;
			remoteInfo = "ReactiveCocoa-iOS";
		};
		DD5F7A1D1C10BF780088BF7F /* PBXContainerItemProxy */ = {
			isa = PBXContainerItemProxy;
			containerPortal = DD5F79801C10BEA80088BF7F /* Swinject.xcodeproj */;
			proxyType = 1;
			remoteGlobalIDString = 981ABE801B5FC9DF00294975;
			remoteInfo = "Swinject-iOS";
		};
		DD5F7A1F1C10BFBF0088BF7F /* PBXContainerItemProxy */ = {
			isa = PBXContainerItemProxy;
			containerPortal = DD5F79D41C10BF060088BF7F /* Nimble.xcodeproj */;
			proxyType = 1;
			remoteGlobalIDString = 1F1A74281940169200FFFC47;
			remoteInfo = "Nimble-iOS";
		};
		DD5F7A211C10BFBF0088BF7F /* PBXContainerItemProxy */ = {
			isa = PBXContainerItemProxy;
			containerPortal = DD5F79B61C10BEDB0088BF7F /* Quick.xcodeproj */;
			proxyType = 1;
			remoteGlobalIDString = 5A5D117B19473F2100F6D13D;
			remoteInfo = "Quick-iOS";
		};
		DD5F7A231C10C1030088BF7F /* PBXContainerItemProxy */ = {
			isa = PBXContainerItemProxy;
			containerPortal = DD5F79FE1C10BF2F0088BF7F /* Result.xcodeproj */;
			proxyType = 1;
			remoteGlobalIDString = D454807C1A957361009D7229;
			remoteInfo = "Result-iOS";
		};
		DD5F7A251C10C1030088BF7F /* PBXContainerItemProxy */ = {
			isa = PBXContainerItemProxy;
			containerPortal = DD5F79E91C10BF210088BF7F /* ReactiveCocoa.xcodeproj */;
			proxyType = 1;
			remoteGlobalIDString = D047260B19E49F82006002AA;
			remoteInfo = "ReactiveCocoa-iOS";
		};
		DD5F7A271C10C1030088BF7F /* PBXContainerItemProxy */ = {
			isa = PBXContainerItemProxy;
			containerPortal = DD5F79D41C10BF060088BF7F /* Nimble.xcodeproj */;
			proxyType = 1;
			remoteGlobalIDString = 1F1A74281940169200FFFC47;
			remoteInfo = "Nimble-iOS";
		};
		DD5F7A291C10C1030088BF7F /* PBXContainerItemProxy */ = {
			isa = PBXContainerItemProxy;
			containerPortal = DD5F79B61C10BEDB0088BF7F /* Quick.xcodeproj */;
			proxyType = 1;
			remoteGlobalIDString = 5A5D117B19473F2100F6D13D;
			remoteInfo = "Quick-iOS";
		};
		DD5F7A2D1C10C18D0088BF7F /* PBXContainerItemProxy */ = {
			isa = PBXContainerItemProxy;
			containerPortal = DD5F79801C10BEA80088BF7F /* Swinject.xcodeproj */;
			proxyType = 1;
			remoteGlobalIDString = 981ABE801B5FC9DF00294975;
			remoteInfo = "Swinject-iOS";
		};
		DD5F7A361C10C4B20088BF7F /* PBXContainerItemProxy */ = {
			isa = PBXContainerItemProxy;
			containerPortal = DD5F79801C10BEA80088BF7F /* Swinject.xcodeproj */;
			proxyType = 1;
			remoteGlobalIDString = 981ABE801B5FC9DF00294975;
			remoteInfo = "Swinject-iOS";
		};
/* End PBXContainerItemProxy section */

/* Begin PBXCopyFilesBuildPhase section */
		DD194D4B1C0CDF9C00D1FD9E /* Embed Frameworks */ = {
			isa = PBXCopyFilesBuildPhase;
			buildActionMask = 2147483647;
			dstPath = "";
			dstSubfolderSpec = 10;
			files = (
				DD5F7A4F1C10CCBC0088BF7F /* Result.framework in Embed Frameworks */,
				DD5F7A4E1C10CC9C0088BF7F /* ReactiveCocoa.framework in Embed Frameworks */,
				DD5F7A4C1C10CA3F0088BF7F /* Swinject.framework in Embed Frameworks */,
			);
			name = "Embed Frameworks";
			runOnlyForDeploymentPostprocessing = 0;
		};
		DD5F7A391C10C5D40088BF7F /* CopyFiles */ = {
			isa = PBXCopyFilesBuildPhase;
			buildActionMask = 2147483647;
			dstPath = "";
			dstSubfolderSpec = 10;
			files = (
				DD5F7A451C10C7510088BF7F /* Swinject.framework in CopyFiles */,
			);
			runOnlyForDeploymentPostprocessing = 0;
		};
/* End PBXCopyFilesBuildPhase section */

/* Begin PBXFileReference section */
		DD194C821C0B2DA600D1FD9E /* QuickTest.swift */ = {isa = PBXFileReference; fileEncoding = 4; lastKnownFileType = sourcecode.swift; path = QuickTest.swift; sourceTree = "<group>"; };
		DD194C841C0B3C6B00D1FD9E /* README.md */ = {isa = PBXFileReference; fileEncoding = 4; lastKnownFileType = net.daringfireball.markdown; path = README.md; sourceTree = "<group>"; };
		DD43355A1C09F95C00032E1E /* SimpleTimeSheet.app */ = {isa = PBXFileReference; explicitFileType = wrapper.application; includeInIndex = 0; path = SimpleTimeSheet.app; sourceTree = BUILT_PRODUCTS_DIR; };
		DD43355D1C09F95C00032E1E /* AppDelegate.swift */ = {isa = PBXFileReference; lastKnownFileType = sourcecode.swift; path = AppDelegate.swift; sourceTree = "<group>"; };
		DD43355F1C09F95C00032E1E /* ViewController.swift */ = {isa = PBXFileReference; lastKnownFileType = sourcecode.swift; path = ViewController.swift; sourceTree = "<group>"; };
		DD4335621C09F95C00032E1E /* Base */ = {isa = PBXFileReference; lastKnownFileType = file.storyboard; name = Base; path = Base.lproj/Main.storyboard; sourceTree = "<group>"; };
		DD4335651C09F95C00032E1E /* SimpleTimeSheet.xcdatamodel */ = {isa = PBXFileReference; lastKnownFileType = wrapper.xcdatamodel; path = SimpleTimeSheet.xcdatamodel; sourceTree = "<group>"; };
		DD4335671C09F95C00032E1E /* Assets.xcassets */ = {isa = PBXFileReference; lastKnownFileType = folder.assetcatalog; path = Assets.xcassets; sourceTree = "<group>"; };
		DD43356A1C09F95C00032E1E /* Base */ = {isa = PBXFileReference; lastKnownFileType = file.storyboard; name = Base; path = Base.lproj/LaunchScreen.storyboard; sourceTree = "<group>"; };
		DD43356C1C09F95C00032E1E /* Info.plist */ = {isa = PBXFileReference; lastKnownFileType = text.plist.xml; path = Info.plist; sourceTree = "<group>"; };
		DD4335711C09F95C00032E1E /* SimpleTimeSheetTests.xctest */ = {isa = PBXFileReference; explicitFileType = wrapper.cfbundle; includeInIndex = 0; path = SimpleTimeSheetTests.xctest; sourceTree = BUILT_PRODUCTS_DIR; };
		DD4335751C09F95C00032E1E /* SimpleTimeSheetTests.swift */ = {isa = PBXFileReference; lastKnownFileType = sourcecode.swift; path = SimpleTimeSheetTests.swift; sourceTree = "<group>"; };
		DD4335771C09F95C00032E1E /* Info.plist */ = {isa = PBXFileReference; lastKnownFileType = text.plist.xml; path = Info.plist; sourceTree = "<group>"; };
		DD43357C1C09F95C00032E1E /* SimpleTimeSheetUITests.xctest */ = {isa = PBXFileReference; explicitFileType = wrapper.cfbundle; includeInIndex = 0; path = SimpleTimeSheetUITests.xctest; sourceTree = BUILT_PRODUCTS_DIR; };
		DD4335801C09F95C00032E1E /* SimpleTimeSheetUITests.swift */ = {isa = PBXFileReference; lastKnownFileType = sourcecode.swift; path = SimpleTimeSheetUITests.swift; sourceTree = "<group>"; };
		DD4335821C09F95C00032E1E /* Info.plist */ = {isa = PBXFileReference; lastKnownFileType = text.plist.xml; path = Info.plist; sourceTree = "<group>"; };
		DD5F79801C10BEA80088BF7F /* Swinject.xcodeproj */ = {isa = PBXFileReference; lastKnownFileType = "wrapper.pb-project"; name = Swinject.xcodeproj; path = Carthage/Checkouts/Swinject/Swinject.xcodeproj; sourceTree = "<group>"; };
		DD5F79B61C10BEDB0088BF7F /* Quick.xcodeproj */ = {isa = PBXFileReference; lastKnownFileType = "wrapper.pb-project"; name = Quick.xcodeproj; path = Carthage/Checkouts/Swinject/../Quick/Quick.xcodeproj; sourceTree = "<group>"; };
		DD5F79D41C10BF060088BF7F /* Nimble.xcodeproj */ = {isa = PBXFileReference; lastKnownFileType = "wrapper.pb-project"; name = Nimble.xcodeproj; path = Carthage/Checkouts/Nimble/Nimble.xcodeproj; sourceTree = "<group>"; };
		DD5F79E91C10BF210088BF7F /* ReactiveCocoa.xcodeproj */ = {isa = PBXFileReference; lastKnownFileType = "wrapper.pb-project"; name = ReactiveCocoa.xcodeproj; path = Carthage/Checkouts/ReactiveCocoa/ReactiveCocoa.xcodeproj; sourceTree = "<group>"; };
		DD5F79FE1C10BF2F0088BF7F /* Result.xcodeproj */ = {isa = PBXFileReference; lastKnownFileType = "wrapper.pb-project"; name = Result.xcodeproj; path = Carthage/Checkouts/Result/Result.xcodeproj; sourceTree = "<group>"; };
		DD5F7A4D1C10CACA0088BF7F /* SimpleReactiveCocoa.playground */ = {isa = PBXFileReference; lastKnownFileType = file.playground; path = SimpleReactiveCocoa.playground; sourceTree = "<group>"; };
/* End PBXFileReference section */

/* Begin PBXFrameworksBuildPhase section */
		DD4335571C09F95C00032E1E /* Frameworks */ = {
			isa = PBXFrameworksBuildPhase;
			buildActionMask = 2147483647;
			files = (
			);
			runOnlyForDeploymentPostprocessing = 0;
		};
		DD43356E1C09F95C00032E1E /* Frameworks */ = {
			isa = PBXFrameworksBuildPhase;
			buildActionMask = 2147483647;
			files = (
			);
			runOnlyForDeploymentPostprocessing = 0;
		};
		DD4335791C09F95C00032E1E /* Frameworks */ = {
			isa = PBXFrameworksBuildPhase;
			buildActionMask = 2147483647;
			files = (
			);
			runOnlyForDeploymentPostprocessing = 0;
		};
/* End PBXFrameworksBuildPhase section */

/* Begin PBXGroup section */
		DD18248A1C0A137C00F7DE3C /* Appsupport */ = {
			isa = PBXGroup;
			children = (
				DD43355D1C09F95C00032E1E /* AppDelegate.swift */,
				DD4335671C09F95C00032E1E /* Assets.xcassets */,
				DD4335691C09F95C00032E1E /* LaunchScreen.storyboard */,
				DD43356C1C09F95C00032E1E /* Info.plist */,
			);
			name = Appsupport;
			sourceTree = "<group>";
		};
		DD194D3B1C0CDBD600D1FD9E /* Frameworks */ = {
			isa = PBXGroup;
			children = (
				DD5F79801C10BEA80088BF7F /* Swinject.xcodeproj */,
				DD5F79FE1C10BF2F0088BF7F /* Result.xcodeproj */,
				DD5F79E91C10BF210088BF7F /* ReactiveCocoa.xcodeproj */,
				DD5F79D41C10BF060088BF7F /* Nimble.xcodeproj */,
				DD5F79B61C10BEDB0088BF7F /* Quick.xcodeproj */,
			);
			name = Frameworks;
			sourceTree = "<group>";
		};
		DD194D421C0CDC2500D1FD9E /* dSYMs */ = {
			isa = PBXGroup;
			children = (
			);
			name = dSYMs;
			sourceTree = "<group>";
		};
		DD4335511C09F95C00032E1E = {
			isa = PBXGroup;
			children = (
				DD5F7A4D1C10CACA0088BF7F /* SimpleReactiveCocoa.playground */,
				DD194C841C0B3C6B00D1FD9E /* README.md */,
				DD43355C1C09F95C00032E1E /* SimpleTimeSheet */,
				DD4335741C09F95C00032E1E /* SimpleTimeSheetTests */,
				DD43357F1C09F95C00032E1E /* SimpleTimeSheetUITests */,
				DD43355B1C09F95C00032E1E /* Products */,
				DD194D3B1C0CDBD600D1FD9E /* Frameworks */,
				DD194D421C0CDC2500D1FD9E /* dSYMs */,
			);
			sourceTree = "<group>";
		};
		DD43355B1C09F95C00032E1E /* Products */ = {
			isa = PBXGroup;
			children = (
				DD43355A1C09F95C00032E1E /* SimpleTimeSheet.app */,
				DD4335711C09F95C00032E1E /* SimpleTimeSheetTests.xctest */,
				DD43357C1C09F95C00032E1E /* SimpleTimeSheetUITests.xctest */,
			);
			name = Products;
			sourceTree = "<group>";
		};
		DD43355C1C09F95C00032E1E /* SimpleTimeSheet */ = {
			isa = PBXGroup;
			children = (
				DD43355F1C09F95C00032E1E /* ViewController.swift */,
				DD4335611C09F95C00032E1E /* Main.storyboard */,
				DD4335641C09F95C00032E1E /* SimpleTimeSheet.xcdatamodeld */,
				DD18248A1C0A137C00F7DE3C /* Appsupport */,
			);
			path = SimpleTimeSheet;
			sourceTree = "<group>";
		};
		DD4335741C09F95C00032E1E /* SimpleTimeSheetTests */ = {
			isa = PBXGroup;
			children = (
				DD4335751C09F95C00032E1E /* SimpleTimeSheetTests.swift */,
				DD194C821C0B2DA600D1FD9E /* QuickTest.swift */,
				DD4335771C09F95C00032E1E /* Info.plist */,
			);
			path = SimpleTimeSheetTests;
			sourceTree = "<group>";
		};
		DD43357F1C09F95C00032E1E /* SimpleTimeSheetUITests */ = {
			isa = PBXGroup;
			children = (
				DD4335801C09F95C00032E1E /* SimpleTimeSheetUITests.swift */,
				DD4335821C09F95C00032E1E /* Info.plist */,
			);
			path = SimpleTimeSheetUITests;
			sourceTree = "<group>";
		};
		DD5F79811C10BEA80088BF7F /* Products */ = {
			isa = PBXGroup;
			children = (
				DD5F798B1C10BEA80088BF7F /* Swinject.framework */,
				DD5F798D1C10BEA80088BF7F /* SwinjectTests.xctest */,
				DD5F798F1C10BEA80088BF7F /* Swinject.framework */,
				DD5F79911C10BEA80088BF7F /* SwinjectTests.xctest */,
				DD5F79931C10BEA80088BF7F /* Swinject.framework */,
				DD5F79951C10BEA80088BF7F /* Swinject.framework */,
				DD5F79971C10BEA80088BF7F /* SwinjectTests.xctest */,
			);
			name = Products;
			sourceTree = "<group>";
		};
		DD5F79B71C10BEDB0088BF7F /* Products */ = {
			isa = PBXGroup;
			children = (
				DD5F79C31C10BEDB0088BF7F /* Quick.framework */,
				DD5F79C51C10BEDB0088BF7F /* Quick-OSXTests.xctest */,
				DD5F79C71C10BEDB0088BF7F /* QuickFocused-OSXTests.xctest */,
				DD5F79C91C10BEDB0088BF7F /* Quick.framework */,
				DD5F79CB1C10BEDB0088BF7F /* Quick-iOSTests.xctest */,
				DD5F79CD1C10BEDB0088BF7F /* QuickFocused-iOSTests.xctest */,
				DD5F79CF1C10BEDB0088BF7F /* Quick.framework */,
				DD5F79D11C10BEDB0088BF7F /* Quick-tvOSTests.xctest */,
				DD5F79D31C10BEDB0088BF7F /* QuickFocused-tvOSTests.xctest */,
			);
			name = Products;
			sourceTree = "<group>";
		};
		DD5F79D51C10BF060088BF7F /* Products */ = {
			isa = PBXGroup;
			children = (
				DD5F79DE1C10BF060088BF7F /* Nimble.framework */,
				DD5F79E01C10BF060088BF7F /* NimbleTests.xctest */,
				DD5F79E21C10BF060088BF7F /* Nimble.framework */,
				DD5F79E41C10BF060088BF7F /* NimbleTests.xctest */,
				DD5F79E61C10BF060088BF7F /* Nimble.framework */,
				DD5F79E81C10BF060088BF7F /* NimbleTests.xctest */,
			);
			name = Products;
			sourceTree = "<group>";
		};
		DD5F79EA1C10BF210088BF7F /* Products */ = {
			isa = PBXGroup;
			children = (
				DD5F79F31C10BF210088BF7F /* ReactiveCocoa.framework */,
				DD5F79F51C10BF210088BF7F /* ReactiveCocoaTests.xctest */,
				DD5F79F71C10BF210088BF7F /* ReactiveCocoa.framework */,
				DD5F79F91C10BF210088BF7F /* ReactiveCocoaTests.xctest */,
				DD5F79FB1C10BF210088BF7F /* ReactiveCocoa.framework */,
				DD5F79FD1C10BF210088BF7F /* ReactiveCocoa.framework */,
			);
			name = Products;
			sourceTree = "<group>";
		};
		DD5F79FF1C10BF2F0088BF7F /* Products */ = {
			isa = PBXGroup;
			children = (
				DD5F7A0A1C10BF2F0088BF7F /* Result.framework */,
				DD5F7A0C1C10BF2F0088BF7F /* Result-MacTests.xctest */,
				DD5F7A0E1C10BF2F0088BF7F /* Result.framework */,
				DD5F7A101C10BF2F0088BF7F /* Result-iOSTests.xctest */,
				DD5F7A121C10BF2F0088BF7F /* Result.framework */,
				DD5F7A141C10BF2F0088BF7F /* Result-tvOSTests.xctest */,
				DD5F7A161C10BF2F0088BF7F /* Result.framework */,
				DD5F7A181C10BF2F0088BF7F /* Result-watchOSTests.xctest */,
			);
			name = Products;
			sourceTree = "<group>";
		};
/* End PBXGroup section */

/* Begin PBXNativeTarget section */
		DD4335591C09F95C00032E1E /* SimpleTimeSheet */ = {
			isa = PBXNativeTarget;
			buildConfigurationList = DD4335851C09F95C00032E1E /* Build configuration list for PBXNativeTarget "SimpleTimeSheet" */;
			buildPhases = (
				DD4335561C09F95C00032E1E /* Sources */,
				DD4335581C09F95C00032E1E /* Resources */,
				DD194D4B1C0CDF9C00D1FD9E /* Embed Frameworks */,
				DD4335571C09F95C00032E1E /* Frameworks */,
			);
			buildRules = (
			);
			dependencies = (
				DD5F7A1A1C10BF780088BF7F /* PBXTargetDependency */,
				DD5F7A1C1C10BF780088BF7F /* PBXTargetDependency */,
				DD5F7A1E1C10BF780088BF7F /* PBXTargetDependency */,
			);
			name = SimpleTimeSheet;
			productName = SimpleTimeSheet;
			productReference = DD43355A1C09F95C00032E1E /* SimpleTimeSheet.app */;
			productType = "com.apple.product-type.application";
		};
		DD4335701C09F95C00032E1E /* SimpleTimeSheetTests */ = {
			isa = PBXNativeTarget;
			buildConfigurationList = DD4335881C09F95C00032E1E /* Build configuration list for PBXNativeTarget "SimpleTimeSheetTests" */;
			buildPhases = (
				DD43356D1C09F95C00032E1E /* Sources */,
				DD43356E1C09F95C00032E1E /* Frameworks */,
				DD43356F1C09F95C00032E1E /* Resources */,
			);
			buildRules = (
			);
			dependencies = (
				DD5F7A2E1C10C18D0088BF7F /* PBXTargetDependency */,
				DD5F7A201C10BFBF0088BF7F /* PBXTargetDependency */,
				DD5F7A221C10BFBF0088BF7F /* PBXTargetDependency */,
				DD4335731C09F95C00032E1E /* PBXTargetDependency */,
			);
			name = SimpleTimeSheetTests;
			productName = SimpleTimeSheetTests;
			productReference = DD4335711C09F95C00032E1E /* SimpleTimeSheetTests.xctest */;
			productType = "com.apple.product-type.bundle.unit-test";
		};
		DD43357B1C09F95C00032E1E /* SimpleTimeSheetUITests */ = {
			isa = PBXNativeTarget;
			buildConfigurationList = DD43358B1C09F95C00032E1E /* Build configuration list for PBXNativeTarget "SimpleTimeSheetUITests" */;
			buildPhases = (
				DD4335781C09F95C00032E1E /* Sources */,
				DD43357A1C09F95C00032E1E /* Resources */,
				DD5F7A391C10C5D40088BF7F /* CopyFiles */,
				DD4335791C09F95C00032E1E /* Frameworks */,
			);
			buildRules = (
			);
			dependencies = (
				DD5F7A371C10C4B20088BF7F /* PBXTargetDependency */,
				DD5F7A241C10C1030088BF7F /* PBXTargetDependency */,
				DD5F7A261C10C1030088BF7F /* PBXTargetDependency */,
				DD5F7A281C10C1030088BF7F /* PBXTargetDependency */,
				DD5F7A2A1C10C1030088BF7F /* PBXTargetDependency */,
				DD43357E1C09F95C00032E1E /* PBXTargetDependency */,
			);
			name = SimpleTimeSheetUITests;
			productName = SimpleTimeSheetUITests;
			productReference = DD43357C1C09F95C00032E1E /* SimpleTimeSheetUITests.xctest */;
			productType = "com.apple.product-type.bundle.ui-testing";
		};
/* End PBXNativeTarget section */

/* Begin PBXProject section */
		DD4335521C09F95C00032E1E /* Project object */ = {
			isa = PBXProject;
			attributes = {
				LastSwiftUpdateCheck = 0710;
				LastUpgradeCheck = 0710;
				ORGANIZATIONNAME = "JS HighBrace";
				TargetAttributes = {
					DD4335591C09F95C00032E1E = {
						CreatedOnToolsVersion = 7.1.1;
						DevelopmentTeam = 6HTHDSKPNW;
					};
					DD4335701C09F95C00032E1E = {
						CreatedOnToolsVersion = 7.1.1;
						TestTargetID = DD4335591C09F95C00032E1E;
					};
					DD43357B1C09F95C00032E1E = {
						CreatedOnToolsVersion = 7.1.1;
						TestTargetID = DD4335591C09F95C00032E1E;
					};
				};
			};
			buildConfigurationList = DD4335551C09F95C00032E1E /* Build configuration list for PBXProject "SimpleTimeSheet" */;
			compatibilityVersion = "Xcode 3.2";
			developmentRegion = English;
			hasScannedForEncodings = 0;
			knownRegions = (
				en,
				Base,
			);
			mainGroup = DD4335511C09F95C00032E1E;
			productRefGroup = DD43355B1C09F95C00032E1E /* Products */;
			projectDirPath = "";
			projectReferences = (
				{
					ProductGroup = DD5F79D51C10BF060088BF7F /* Products */;
					ProjectRef = DD5F79D41C10BF060088BF7F /* Nimble.xcodeproj */;
				},
				{
					ProductGroup = DD5F79B71C10BEDB0088BF7F /* Products */;
					ProjectRef = DD5F79B61C10BEDB0088BF7F /* Quick.xcodeproj */;
				},
				{
					ProductGroup = DD5F79EA1C10BF210088BF7F /* Products */;
					ProjectRef = DD5F79E91C10BF210088BF7F /* ReactiveCocoa.xcodeproj */;
				},
				{
					ProductGroup = DD5F79FF1C10BF2F0088BF7F /* Products */;
					ProjectRef = DD5F79FE1C10BF2F0088BF7F /* Result.xcodeproj */;
				},
				{
					ProductGroup = DD5F79811C10BEA80088BF7F /* Products */;
					ProjectRef = DD5F79801C10BEA80088BF7F /* Swinject.xcodeproj */;
				},
			);
			projectRoot = "";
			targets = (
				DD4335591C09F95C00032E1E /* SimpleTimeSheet */,
				DD4335701C09F95C00032E1E /* SimpleTimeSheetTests */,
				DD43357B1C09F95C00032E1E /* SimpleTimeSheetUITests */,
			);
		};
/* End PBXProject section */

/* Begin PBXReferenceProxy section */
		DD5F798B1C10BEA80088BF7F /* Swinject.framework */ = {
			isa = PBXReferenceProxy;
			fileType = wrapper.framework;
			path = Swinject.framework;
			remoteRef = DD5F798A1C10BEA80088BF7F /* PBXContainerItemProxy */;
			sourceTree = BUILT_PRODUCTS_DIR;
		};
		DD5F798D1C10BEA80088BF7F /* SwinjectTests.xctest */ = {
			isa = PBXReferenceProxy;
			fileType = wrapper.cfbundle;
			path = SwinjectTests.xctest;
			remoteRef = DD5F798C1C10BEA80088BF7F /* PBXContainerItemProxy */;
			sourceTree = BUILT_PRODUCTS_DIR;
		};
		DD5F798F1C10BEA80088BF7F /* Swinject.framework */ = {
			isa = PBXReferenceProxy;
			fileType = wrapper.framework;
			path = Swinject.framework;
			remoteRef = DD5F798E1C10BEA80088BF7F /* PBXContainerItemProxy */;
			sourceTree = BUILT_PRODUCTS_DIR;
		};
		DD5F79911C10BEA80088BF7F /* SwinjectTests.xctest */ = {
			isa = PBXReferenceProxy;
			fileType = wrapper.cfbundle;
			path = SwinjectTests.xctest;
			remoteRef = DD5F79901C10BEA80088BF7F /* PBXContainerItemProxy */;
			sourceTree = BUILT_PRODUCTS_DIR;
		};
		DD5F79931C10BEA80088BF7F /* Swinject.framework */ = {
			isa = PBXReferenceProxy;
			fileType = wrapper.framework;
			path = Swinject.framework;
			remoteRef = DD5F79921C10BEA80088BF7F /* PBXContainerItemProxy */;
			sourceTree = BUILT_PRODUCTS_DIR;
		};
		DD5F79951C10BEA80088BF7F /* Swinject.framework */ = {
			isa = PBXReferenceProxy;
			fileType = wrapper.framework;
			path = Swinject.framework;
			remoteRef = DD5F79941C10BEA80088BF7F /* PBXContainerItemProxy */;
			sourceTree = BUILT_PRODUCTS_DIR;
		};
		DD5F79971C10BEA80088BF7F /* SwinjectTests.xctest */ = {
			isa = PBXReferenceProxy;
			fileType = wrapper.cfbundle;
			path = SwinjectTests.xctest;
			remoteRef = DD5F79961C10BEA80088BF7F /* PBXContainerItemProxy */;
			sourceTree = BUILT_PRODUCTS_DIR;
		};
		DD5F79C31C10BEDB0088BF7F /* Quick.framework */ = {
			isa = PBXReferenceProxy;
			fileType = wrapper.framework;
			path = Quick.framework;
			remoteRef = DD5F79C21C10BEDB0088BF7F /* PBXContainerItemProxy */;
			sourceTree = BUILT_PRODUCTS_DIR;
		};
		DD5F79C51C10BEDB0088BF7F /* Quick-OSXTests.xctest */ = {
			isa = PBXReferenceProxy;
			fileType = wrapper.cfbundle;
			path = "Quick-OSXTests.xctest";
			remoteRef = DD5F79C41C10BEDB0088BF7F /* PBXContainerItemProxy */;
			sourceTree = BUILT_PRODUCTS_DIR;
		};
		DD5F79C71C10BEDB0088BF7F /* QuickFocused-OSXTests.xctest */ = {
			isa = PBXReferenceProxy;
			fileType = wrapper.cfbundle;
			path = "QuickFocused-OSXTests.xctest";
			remoteRef = DD5F79C61C10BEDB0088BF7F /* PBXContainerItemProxy */;
			sourceTree = BUILT_PRODUCTS_DIR;
		};
		DD5F79C91C10BEDB0088BF7F /* Quick.framework */ = {
			isa = PBXReferenceProxy;
			fileType = wrapper.framework;
			path = Quick.framework;
			remoteRef = DD5F79C81C10BEDB0088BF7F /* PBXContainerItemProxy */;
			sourceTree = BUILT_PRODUCTS_DIR;
		};
		DD5F79CB1C10BEDB0088BF7F /* Quick-iOSTests.xctest */ = {
			isa = PBXReferenceProxy;
			fileType = wrapper.cfbundle;
			path = "Quick-iOSTests.xctest";
			remoteRef = DD5F79CA1C10BEDB0088BF7F /* PBXContainerItemProxy */;
			sourceTree = BUILT_PRODUCTS_DIR;
		};
		DD5F79CD1C10BEDB0088BF7F /* QuickFocused-iOSTests.xctest */ = {
			isa = PBXReferenceProxy;
			fileType = wrapper.cfbundle;
			path = "QuickFocused-iOSTests.xctest";
			remoteRef = DD5F79CC1C10BEDB0088BF7F /* PBXContainerItemProxy */;
			sourceTree = BUILT_PRODUCTS_DIR;
		};
		DD5F79CF1C10BEDB0088BF7F /* Quick.framework */ = {
			isa = PBXReferenceProxy;
			fileType = wrapper.framework;
			path = Quick.framework;
			remoteRef = DD5F79CE1C10BEDB0088BF7F /* PBXContainerItemProxy */;
			sourceTree = BUILT_PRODUCTS_DIR;
		};
		DD5F79D11C10BEDB0088BF7F /* Quick-tvOSTests.xctest */ = {
			isa = PBXReferenceProxy;
			fileType = wrapper.cfbundle;
			path = "Quick-tvOSTests.xctest";
			remoteRef = DD5F79D01C10BEDB0088BF7F /* PBXContainerItemProxy */;
			sourceTree = BUILT_PRODUCTS_DIR;
		};
		DD5F79D31C10BEDB0088BF7F /* QuickFocused-tvOSTests.xctest */ = {
			isa = PBXReferenceProxy;
			fileType = wrapper.cfbundle;
			path = "QuickFocused-tvOSTests.xctest";
			remoteRef = DD5F79D21C10BEDB0088BF7F /* PBXContainerItemProxy */;
			sourceTree = BUILT_PRODUCTS_DIR;
		};
		DD5F79DE1C10BF060088BF7F /* Nimble.framework */ = {
			isa = PBXReferenceProxy;
			fileType = wrapper.framework;
			path = Nimble.framework;
			remoteRef = DD5F79DD1C10BF060088BF7F /* PBXContainerItemProxy */;
			sourceTree = BUILT_PRODUCTS_DIR;
		};
		DD5F79E01C10BF060088BF7F /* NimbleTests.xctest */ = {
			isa = PBXReferenceProxy;
			fileType = wrapper.cfbundle;
			path = NimbleTests.xctest;
			remoteRef = DD5F79DF1C10BF060088BF7F /* PBXContainerItemProxy */;
			sourceTree = BUILT_PRODUCTS_DIR;
		};
		DD5F79E21C10BF060088BF7F /* Nimble.framework */ = {
			isa = PBXReferenceProxy;
			fileType = wrapper.framework;
			path = Nimble.framework;
			remoteRef = DD5F79E11C10BF060088BF7F /* PBXContainerItemProxy */;
			sourceTree = BUILT_PRODUCTS_DIR;
		};
		DD5F79E41C10BF060088BF7F /* NimbleTests.xctest */ = {
			isa = PBXReferenceProxy;
			fileType = wrapper.cfbundle;
			path = NimbleTests.xctest;
			remoteRef = DD5F79E31C10BF060088BF7F /* PBXContainerItemProxy */;
			sourceTree = BUILT_PRODUCTS_DIR;
		};
		DD5F79E61C10BF060088BF7F /* Nimble.framework */ = {
			isa = PBXReferenceProxy;
			fileType = wrapper.framework;
			path = Nimble.framework;
			remoteRef = DD5F79E51C10BF060088BF7F /* PBXContainerItemProxy */;
			sourceTree = BUILT_PRODUCTS_DIR;
		};
		DD5F79E81C10BF060088BF7F /* NimbleTests.xctest */ = {
			isa = PBXReferenceProxy;
			fileType = wrapper.cfbundle;
			path = NimbleTests.xctest;
			remoteRef = DD5F79E71C10BF060088BF7F /* PBXContainerItemProxy */;
			sourceTree = BUILT_PRODUCTS_DIR;
		};
		DD5F79F31C10BF210088BF7F /* ReactiveCocoa.framework */ = {
			isa = PBXReferenceProxy;
			fileType = wrapper.framework;
			path = ReactiveCocoa.framework;
			remoteRef = DD5F79F21C10BF210088BF7F /* PBXContainerItemProxy */;
			sourceTree = BUILT_PRODUCTS_DIR;
		};
		DD5F79F51C10BF210088BF7F /* ReactiveCocoaTests.xctest */ = {
			isa = PBXReferenceProxy;
			fileType = wrapper.cfbundle;
			path = ReactiveCocoaTests.xctest;
			remoteRef = DD5F79F41C10BF210088BF7F /* PBXContainerItemProxy */;
			sourceTree = BUILT_PRODUCTS_DIR;
		};
		DD5F79F71C10BF210088BF7F /* ReactiveCocoa.framework */ = {
			isa = PBXReferenceProxy;
			fileType = wrapper.framework;
			path = ReactiveCocoa.framework;
			remoteRef = DD5F79F61C10BF210088BF7F /* PBXContainerItemProxy */;
			sourceTree = BUILT_PRODUCTS_DIR;
		};
		DD5F79F91C10BF210088BF7F /* ReactiveCocoaTests.xctest */ = {
			isa = PBXReferenceProxy;
			fileType = wrapper.cfbundle;
			path = ReactiveCocoaTests.xctest;
			remoteRef = DD5F79F81C10BF210088BF7F /* PBXContainerItemProxy */;
			sourceTree = BUILT_PRODUCTS_DIR;
		};
		DD5F79FB1C10BF210088BF7F /* ReactiveCocoa.framework */ = {
			isa = PBXReferenceProxy;
			fileType = wrapper.framework;
			path = ReactiveCocoa.framework;
			remoteRef = DD5F79FA1C10BF210088BF7F /* PBXContainerItemProxy */;
			sourceTree = BUILT_PRODUCTS_DIR;
		};
		DD5F79FD1C10BF210088BF7F /* ReactiveCocoa.framework */ = {
			isa = PBXReferenceProxy;
			fileType = wrapper.framework;
			path = ReactiveCocoa.framework;
			remoteRef = DD5F79FC1C10BF210088BF7F /* PBXContainerItemProxy */;
			sourceTree = BUILT_PRODUCTS_DIR;
		};
		DD5F7A0A1C10BF2F0088BF7F /* Result.framework */ = {
			isa = PBXReferenceProxy;
			fileType = wrapper.framework;
			path = Result.framework;
			remoteRef = DD5F7A091C10BF2F0088BF7F /* PBXContainerItemProxy */;
			sourceTree = BUILT_PRODUCTS_DIR;
		};
		DD5F7A0C1C10BF2F0088BF7F /* Result-MacTests.xctest */ = {
			isa = PBXReferenceProxy;
			fileType = wrapper.cfbundle;
			path = "Result-MacTests.xctest";
			remoteRef = DD5F7A0B1C10BF2F0088BF7F /* PBXContainerItemProxy */;
			sourceTree = BUILT_PRODUCTS_DIR;
		};
		DD5F7A0E1C10BF2F0088BF7F /* Result.framework */ = {
			isa = PBXReferenceProxy;
			fileType = wrapper.framework;
			path = Result.framework;
			remoteRef = DD5F7A0D1C10BF2F0088BF7F /* PBXContainerItemProxy */;
			sourceTree = BUILT_PRODUCTS_DIR;
		};
		DD5F7A101C10BF2F0088BF7F /* Result-iOSTests.xctest */ = {
			isa = PBXReferenceProxy;
			fileType = wrapper.cfbundle;
			path = "Result-iOSTests.xctest";
			remoteRef = DD5F7A0F1C10BF2F0088BF7F /* PBXContainerItemProxy */;
			sourceTree = BUILT_PRODUCTS_DIR;
		};
		DD5F7A121C10BF2F0088BF7F /* Result.framework */ = {
			isa = PBXReferenceProxy;
			fileType = wrapper.framework;
			path = Result.framework;
			remoteRef = DD5F7A111C10BF2F0088BF7F /* PBXContainerItemProxy */;
			sourceTree = BUILT_PRODUCTS_DIR;
		};
		DD5F7A141C10BF2F0088BF7F /* Result-tvOSTests.xctest */ = {
			isa = PBXReferenceProxy;
			fileType = wrapper.cfbundle;
			path = "Result-tvOSTests.xctest";
			remoteRef = DD5F7A131C10BF2F0088BF7F /* PBXContainerItemProxy */;
			sourceTree = BUILT_PRODUCTS_DIR;
		};
		DD5F7A161C10BF2F0088BF7F /* Result.framework */ = {
			isa = PBXReferenceProxy;
			fileType = wrapper.framework;
			path = Result.framework;
			remoteRef = DD5F7A151C10BF2F0088BF7F /* PBXContainerItemProxy */;
			sourceTree = BUILT_PRODUCTS_DIR;
		};
		DD5F7A181C10BF2F0088BF7F /* Result-watchOSTests.xctest */ = {
			isa = PBXReferenceProxy;
			fileType = wrapper.cfbundle;
			path = "Result-watchOSTests.xctest";
			remoteRef = DD5F7A171C10BF2F0088BF7F /* PBXContainerItemProxy */;
			sourceTree = BUILT_PRODUCTS_DIR;
		};
/* End PBXReferenceProxy section */

/* Begin PBXResourcesBuildPhase section */
		DD4335581C09F95C00032E1E /* Resources */ = {
			isa = PBXResourcesBuildPhase;
			buildActionMask = 2147483647;
			files = (
				DD43356B1C09F95C00032E1E /* LaunchScreen.storyboard in Resources */,
				DD4335681C09F95C00032E1E /* Assets.xcassets in Resources */,
				DD4335631C09F95C00032E1E /* Main.storyboard in Resources */,
			);
			runOnlyForDeploymentPostprocessing = 0;
		};
		DD43356F1C09F95C00032E1E /* Resources */ = {
			isa = PBXResourcesBuildPhase;
			buildActionMask = 2147483647;
			files = (
			);
			runOnlyForDeploymentPostprocessing = 0;
		};
		DD43357A1C09F95C00032E1E /* Resources */ = {
			isa = PBXResourcesBuildPhase;
			buildActionMask = 2147483647;
			files = (
			);
			runOnlyForDeploymentPostprocessing = 0;
		};
/* End PBXResourcesBuildPhase section */

/* Begin PBXSourcesBuildPhase section */
		DD4335561C09F95C00032E1E /* Sources */ = {
			isa = PBXSourcesBuildPhase;
			buildActionMask = 2147483647;
			files = (
				DD4335661C09F95C00032E1E /* SimpleTimeSheet.xcdatamodeld in Sources */,
				DD4335601C09F95C00032E1E /* ViewController.swift in Sources */,
				DD43355E1C09F95C00032E1E /* AppDelegate.swift in Sources */,
			);
			runOnlyForDeploymentPostprocessing = 0;
		};
		DD43356D1C09F95C00032E1E /* Sources */ = {
			isa = PBXSourcesBuildPhase;
			buildActionMask = 2147483647;
			files = (
				DD4335761C09F95C00032E1E /* SimpleTimeSheetTests.swift in Sources */,
				DD194C831C0B2DA600D1FD9E /* QuickTest.swift in Sources */,
			);
			runOnlyForDeploymentPostprocessing = 0;
		};
		DD4335781C09F95C00032E1E /* Sources */ = {
			isa = PBXSourcesBuildPhase;
			buildActionMask = 2147483647;
			files = (
				DD4335811C09F95C00032E1E /* SimpleTimeSheetUITests.swift in Sources */,
			);
			runOnlyForDeploymentPostprocessing = 0;
		};
/* End PBXSourcesBuildPhase section */

/* Begin PBXTargetDependency section */
		DD4335731C09F95C00032E1E /* PBXTargetDependency */ = {
			isa = PBXTargetDependency;
			target = DD4335591C09F95C00032E1E /* SimpleTimeSheet */;
			targetProxy = DD4335721C09F95C00032E1E /* PBXContainerItemProxy */;
		};
		DD43357E1C09F95C00032E1E /* PBXTargetDependency */ = {
			isa = PBXTargetDependency;
			target = DD4335591C09F95C00032E1E /* SimpleTimeSheet */;
			targetProxy = DD43357D1C09F95C00032E1E /* PBXContainerItemProxy */;
		};
		DD5F7A1A1C10BF780088BF7F /* PBXTargetDependency */ = {
			isa = PBXTargetDependency;
			name = "Result-iOS";
			targetProxy = DD5F7A191C10BF780088BF7F /* PBXContainerItemProxy */;
		};
		DD5F7A1C1C10BF780088BF7F /* PBXTargetDependency */ = {
			isa = PBXTargetDependency;
			name = "ReactiveCocoa-iOS";
			targetProxy = DD5F7A1B1C10BF780088BF7F /* PBXContainerItemProxy */;
		};
		DD5F7A1E1C10BF780088BF7F /* PBXTargetDependency */ = {
			isa = PBXTargetDependency;
			name = "Swinject-iOS";
			targetProxy = DD5F7A1D1C10BF780088BF7F /* PBXContainerItemProxy */;
		};
		DD5F7A201C10BFBF0088BF7F /* PBXTargetDependency */ = {
			isa = PBXTargetDependency;
			name = "Nimble-iOS";
			targetProxy = DD5F7A1F1C10BFBF0088BF7F /* PBXContainerItemProxy */;
		};
		DD5F7A221C10BFBF0088BF7F /* PBXTargetDependency */ = {
			isa = PBXTargetDependency;
			name = "Quick-iOS";
			targetProxy = DD5F7A211C10BFBF0088BF7F /* PBXContainerItemProxy */;
		};
		DD5F7A241C10C1030088BF7F /* PBXTargetDependency */ = {
			isa = PBXTargetDependency;
			name = "Result-iOS";
			targetProxy = DD5F7A231C10C1030088BF7F /* PBXContainerItemProxy */;
		};
		DD5F7A261C10C1030088BF7F /* PBXTargetDependency */ = {
			isa = PBXTargetDependency;
			name = "ReactiveCocoa-iOS";
			targetProxy = DD5F7A251C10C1030088BF7F /* PBXContainerItemProxy */;
		};
		DD5F7A281C10C1030088BF7F /* PBXTargetDependency */ = {
			isa = PBXTargetDependency;
			name = "Nimble-iOS";
			targetProxy = DD5F7A271C10C1030088BF7F /* PBXContainerItemProxy */;
		};
		DD5F7A2A1C10C1030088BF7F /* PBXTargetDependency */ = {
			isa = PBXTargetDependency;
			name = "Quick-iOS";
			targetProxy = DD5F7A291C10C1030088BF7F /* PBXContainerItemProxy */;
		};
		DD5F7A2E1C10C18D0088BF7F /* PBXTargetDependency */ = {
			isa = PBXTargetDependency;
			name = "Swinject-iOS";
			targetProxy = DD5F7A2D1C10C18D0088BF7F /* PBXContainerItemProxy */;
		};
		DD5F7A371C10C4B20088BF7F /* PBXTargetDependency */ = {
			isa = PBXTargetDependency;
			name = "Swinject-iOS";
			targetProxy = DD5F7A361C10C4B20088BF7F /* PBXContainerItemProxy */;
		};
/* End PBXTargetDependency section */

/* Begin PBXVariantGroup section */
		DD4335611C09F95C00032E1E /* Main.storyboard */ = {
			isa = PBXVariantGroup;
			children = (
				DD4335621C09F95C00032E1E /* Base */,
			);
			name = Main.storyboard;
			sourceTree = "<group>";
		};
		DD4335691C09F95C00032E1E /* LaunchScreen.storyboard */ = {
			isa = PBXVariantGroup;
			children = (
				DD43356A1C09F95C00032E1E /* Base */,
			);
			name = LaunchScreen.storyboard;
			sourceTree = "<group>";
		};
/* End PBXVariantGroup section */

/* Begin XCBuildConfiguration section */
		DD4335831C09F95C00032E1E /* Debug */ = {
			isa = XCBuildConfiguration;
			buildSettings = {
				ALWAYS_SEARCH_USER_PATHS = NO;
				CLANG_CXX_LANGUAGE_STANDARD = "gnu++0x";
				CLANG_CXX_LIBRARY = "libc++";
				CLANG_ENABLE_MODULES = YES;
				CLANG_ENABLE_OBJC_ARC = YES;
				CLANG_WARN_BOOL_CONVERSION = YES;
				CLANG_WARN_CONSTANT_CONVERSION = YES;
				CLANG_WARN_DIRECT_OBJC_ISA_USAGE = YES_ERROR;
				CLANG_WARN_EMPTY_BODY = YES;
				CLANG_WARN_ENUM_CONVERSION = YES;
				CLANG_WARN_INT_CONVERSION = YES;
				CLANG_WARN_OBJC_ROOT_CLASS = YES_ERROR;
				CLANG_WARN_UNREACHABLE_CODE = YES;
				CLANG_WARN__DUPLICATE_METHOD_MATCH = YES;
				"CODE_SIGN_IDENTITY[sdk=iphoneos*]" = "iPhone Developer";
				COPY_PHASE_STRIP = NO;
				DEBUG_INFORMATION_FORMAT = dwarf;
				EMBEDDED_CONTENT_CONTAINS_SWIFT = NO;
				ENABLE_STRICT_OBJC_MSGSEND = YES;
				ENABLE_TESTABILITY = YES;
				GCC_C_LANGUAGE_STANDARD = gnu99;
				GCC_DYNAMIC_NO_PIC = NO;
				GCC_NO_COMMON_BLOCKS = YES;
				GCC_OPTIMIZATION_LEVEL = 0;
				GCC_PREPROCESSOR_DEFINITIONS = (
					"DEBUG=1",
					"$(inherited)",
				);
				GCC_WARN_64_TO_32_BIT_CONVERSION = YES;
				GCC_WARN_ABOUT_RETURN_TYPE = YES_ERROR;
				GCC_WARN_UNDECLARED_SELECTOR = YES;
				GCC_WARN_UNINITIALIZED_AUTOS = YES_AGGRESSIVE;
				GCC_WARN_UNUSED_FUNCTION = YES;
				GCC_WARN_UNUSED_VARIABLE = YES;
				IPHONEOS_DEPLOYMENT_TARGET = 9.1;
				MTL_ENABLE_DEBUG_INFO = YES;
				ONLY_ACTIVE_ARCH = YES;
				SDKROOT = iphoneos;
				SWIFT_OPTIMIZATION_LEVEL = "-Onone";
			};
			name = Debug;
		};
		DD4335841C09F95C00032E1E /* Release */ = {
			isa = XCBuildConfiguration;
			buildSettings = {
				ALWAYS_SEARCH_USER_PATHS = NO;
				CLANG_CXX_LANGUAGE_STANDARD = "gnu++0x";
				CLANG_CXX_LIBRARY = "libc++";
				CLANG_ENABLE_MODULES = YES;
				CLANG_ENABLE_OBJC_ARC = YES;
				CLANG_WARN_BOOL_CONVERSION = YES;
				CLANG_WARN_CONSTANT_CONVERSION = YES;
				CLANG_WARN_DIRECT_OBJC_ISA_USAGE = YES_ERROR;
				CLANG_WARN_EMPTY_BODY = YES;
				CLANG_WARN_ENUM_CONVERSION = YES;
				CLANG_WARN_INT_CONVERSION = YES;
				CLANG_WARN_OBJC_ROOT_CLASS = YES_ERROR;
				CLANG_WARN_UNREACHABLE_CODE = YES;
				CLANG_WARN__DUPLICATE_METHOD_MATCH = YES;
				"CODE_SIGN_IDENTITY[sdk=iphoneos*]" = "iPhone Developer";
				COPY_PHASE_STRIP = NO;
				DEBUG_INFORMATION_FORMAT = "dwarf-with-dsym";
				EMBEDDED_CONTENT_CONTAINS_SWIFT = NO;
				ENABLE_NS_ASSERTIONS = NO;
				ENABLE_STRICT_OBJC_MSGSEND = YES;
				GCC_C_LANGUAGE_STANDARD = gnu99;
				GCC_NO_COMMON_BLOCKS = YES;
				GCC_WARN_64_TO_32_BIT_CONVERSION = YES;
				GCC_WARN_ABOUT_RETURN_TYPE = YES_ERROR;
				GCC_WARN_UNDECLARED_SELECTOR = YES;
				GCC_WARN_UNINITIALIZED_AUTOS = YES_AGGRESSIVE;
				GCC_WARN_UNUSED_FUNCTION = YES;
				GCC_WARN_UNUSED_VARIABLE = YES;
				IPHONEOS_DEPLOYMENT_TARGET = 9.1;
				MTL_ENABLE_DEBUG_INFO = NO;
				SDKROOT = iphoneos;
				VALIDATE_PRODUCT = YES;
			};
			name = Release;
		};
		DD4335861C09F95C00032E1E /* Debug */ = {
			isa = XCBuildConfiguration;
			buildSettings = {
				ASSETCATALOG_COMPILER_APPICON_NAME = AppIcon;
				CODE_SIGN_IDENTITY = "iPhone Developer";
				"CODE_SIGN_IDENTITY[sdk=iphoneos*]" = "iPhone Developer";
				FRAMEWORK_SEARCH_PATHS = (
					"$(inherited)",
					"$(PROJECT_DIR)/Carthage/Build/iOS",
				);
				INFOPLIST_FILE = SimpleTimeSheet/Info.plist;
				LD_RUNPATH_SEARCH_PATHS = "$(inherited) @executable_path/Frameworks";
				PRODUCT_BUNDLE_IDENTIFIER = se.highbrace.SimpleTimeSheet;
				PRODUCT_NAME = "$(TARGET_NAME)";
				PROVISIONING_PROFILE = "";
			};
			name = Debug;
		};
		DD4335871C09F95C00032E1E /* Release */ = {
			isa = XCBuildConfiguration;
			buildSettings = {
				ASSETCATALOG_COMPILER_APPICON_NAME = AppIcon;
				CODE_SIGN_IDENTITY = "iPhone Developer";
				"CODE_SIGN_IDENTITY[sdk=iphoneos*]" = "iPhone Developer";
				FRAMEWORK_SEARCH_PATHS = (
					"$(inherited)",
					"$(PROJECT_DIR)/Carthage/Build/iOS",
				);
				INFOPLIST_FILE = SimpleTimeSheet/Info.plist;
				LD_RUNPATH_SEARCH_PATHS = "$(inherited) @executable_path/Frameworks";
				PRODUCT_BUNDLE_IDENTIFIER = se.highbrace.SimpleTimeSheet;
				PRODUCT_NAME = "$(TARGET_NAME)";
				PROVISIONING_PROFILE = "";
			};
			name = Release;
		};
		DD4335891C09F95C00032E1E /* Debug */ = {
			isa = XCBuildConfiguration;
			buildSettings = {
				BUNDLE_LOADER = "$(TEST_HOST)";
				FRAMEWORK_SEARCH_PATHS = (
					"$(inherited)",
					"$(PROJECT_DIR)/Carthage/Build/iOS",
				);
				INFOPLIST_FILE = SimpleTimeSheetTests/Info.plist;
				LD_RUNPATH_SEARCH_PATHS = "$(inherited) @executable_path/Frameworks @loader_path/Frameworks";
				PRODUCT_BUNDLE_IDENTIFIER = se.highbrace.SimpleTimeSheetTests;
				PRODUCT_NAME = "$(TARGET_NAME)";
				TEST_HOST = "$(BUILT_PRODUCTS_DIR)/SimpleTimeSheet.app/SimpleTimeSheet";
			};
			name = Debug;
		};
		DD43358A1C09F95C00032E1E /* Release */ = {
			isa = XCBuildConfiguration;
			buildSettings = {
				BUNDLE_LOADER = "$(TEST_HOST)";
				FRAMEWORK_SEARCH_PATHS = (
					"$(inherited)",
					"$(PROJECT_DIR)/Carthage/Build/iOS",
				);
				INFOPLIST_FILE = SimpleTimeSheetTests/Info.plist;
				LD_RUNPATH_SEARCH_PATHS = "$(inherited) @executable_path/Frameworks @loader_path/Frameworks";
				PRODUCT_BUNDLE_IDENTIFIER = se.highbrace.SimpleTimeSheetTests;
				PRODUCT_NAME = "$(TARGET_NAME)";
				TEST_HOST = "$(BUILT_PRODUCTS_DIR)/SimpleTimeSheet.app/SimpleTimeSheet";
			};
			name = Release;
		};
		DD43358C1C09F95C00032E1E /* Debug */ = {
			isa = XCBuildConfiguration;
			buildSettings = {
				INFOPLIST_FILE = SimpleTimeSheetUITests/Info.plist;
				LD_RUNPATH_SEARCH_PATHS = "$(inherited) @executable_path/Frameworks @loader_path/Frameworks";
				PRODUCT_BUNDLE_IDENTIFIER = se.highbrace.SimpleTimeSheetUITests;
				PRODUCT_NAME = "$(TARGET_NAME)";
				TEST_TARGET_NAME = SimpleTimeSheet;
				USES_XCTRUNNER = YES;
			};
			name = Debug;
		};
		DD43358D1C09F95C00032E1E /* Release */ = {
			isa = XCBuildConfiguration;
			buildSettings = {
				INFOPLIST_FILE = SimpleTimeSheetUITests/Info.plist;
				LD_RUNPATH_SEARCH_PATHS = "$(inherited) @executable_path/Frameworks @loader_path/Frameworks";
				PRODUCT_BUNDLE_IDENTIFIER = se.highbrace.SimpleTimeSheetUITests;
				PRODUCT_NAME = "$(TARGET_NAME)";
				TEST_TARGET_NAME = SimpleTimeSheet;
				USES_XCTRUNNER = YES;
			};
			name = Release;
		};
/* End XCBuildConfiguration section */

/* Begin XCConfigurationList section */
		DD4335551C09F95C00032E1E /* Build configuration list for PBXProject "SimpleTimeSheet" */ = {
			isa = XCConfigurationList;
			buildConfigurations = (
				DD4335831C09F95C00032E1E /* Debug */,
				DD4335841C09F95C00032E1E /* Release */,
			);
			defaultConfigurationIsVisible = 0;
			defaultConfigurationName = Release;
		};
		DD4335851C09F95C00032E1E /* Build configuration list for PBXNativeTarget "SimpleTimeSheet" */ = {
			isa = XCConfigurationList;
			buildConfigurations = (
				DD4335861C09F95C00032E1E /* Debug */,
				DD4335871C09F95C00032E1E /* Release */,
			);
			defaultConfigurationIsVisible = 0;
			defaultConfigurationName = Release;
		};
		DD4335881C09F95C00032E1E /* Build configuration list for PBXNativeTarget "SimpleTimeSheetTests" */ = {
			isa = XCConfigurationList;
			buildConfigurations = (
				DD4335891C09F95C00032E1E /* Debug */,
				DD43358A1C09F95C00032E1E /* Release */,
			);
			defaultConfigurationIsVisible = 0;
			defaultConfigurationName = Release;
		};
		DD43358B1C09F95C00032E1E /* Build configuration list for PBXNativeTarget "SimpleTimeSheetUITests" */ = {
			isa = XCConfigurationList;
			buildConfigurations = (
				DD43358C1C09F95C00032E1E /* Debug */,
				DD43358D1C09F95C00032E1E /* Release */,
			);
			defaultConfigurationIsVisible = 0;
			defaultConfigurationName = Release;
		};
/* End XCConfigurationList section */

/* Begin XCVersionGroup section */
		DD4335641C09F95C00032E1E /* SimpleTimeSheet.xcdatamodeld */ = {
			isa = XCVersionGroup;
			children = (
				DD4335651C09F95C00032E1E /* SimpleTimeSheet.xcdatamodel */,
			);
			currentVersion = DD4335651C09F95C00032E1E /* SimpleTimeSheet.xcdatamodel */;
			path = SimpleTimeSheet.xcdatamodeld;
			sourceTree = "<group>";
			versionGroupType = wrapper.xcdatamodel;
		};
/* End XCVersionGroup section */
	};
	rootObject = DD4335521C09F95C00032E1E /* Project object */;
}
